<Solution>
  <Folder Name="/src/">
    <Project Path="src/FreeTierMail/FreeTierMail.csproj" />
    <Project Path="src/FreeTierMail.Brevo/FreeTierMail.Brevo.csproj" />
    <Project Path="src/FreeTierMail.ElasticEmail/FreeTierMail.ElasticEmail.csproj" />
    <Project Path="src/FreeTierMail.Extensions.DependencyInjection/FreeTierMail.Extensions.DependencyInjection.csproj" />
    <Project Path="src/FreeTierMail.MailerSend/FreeTierMail.MailerSend.csproj" />
    <Project Path="src/FreeTierMail.Mailgun/FreeTierMail.Mailgun.csproj" />
    <Project Path="src/FreeTierMail.Mailjet/FreeTierMail.Mailjet.csproj" />
    <Project Path="src/FreeTierMail.Resend/FreeTierMail.Resend.csproj" />
    <Project Path="src/FreeTierMail.Smtp/FreeTierMail.Smtp.csproj" />
    <Project Path="src/FreeTierMail.Smtp2Go/FreeTierMail.Smtp2Go.csproj" />
    <Project Path="src/FreeTierMail.Testing/FreeTierMail.Testing.csproj" />
  </Folder>
  <Folder Name="/tests/">
    <Project Path="tests/FreeTierMail.Brevo.Tests/FreeTierMail.Brevo.Tests.csproj" />
    <Project Path="tests/FreeTierMail.ElasticEmail.Tests/FreeTierMail.ElasticEmail.Tests.csproj" />
    <Project Path="tests/FreeTierMail.Extensions.DependencyInjection.Tests/FreeTierMail.Extensions.DependencyInjection.Tests.csproj" />
    <Project Path="tests/FreeTierMail.MailerSend.Tests/FreeTierMail.MailerSend.Tests.csproj" />
    <Project Path="tests/FreeTierMail.Mailgun.Tests/FreeTierMail.Mailgun.Tests.csproj" />
    <Project Path="tests/FreeTierMail.Mailjet.Tests/FreeTierMail.Mailjet.Tests.csproj" />
    <Project Path="tests/FreeTierMail.Resend.Tests/FreeTierMail.Resend.Tests.csproj" />
    <Project Path="tests/FreeTierMail.Smtp.Tests/FreeTierMail.Smtp.Tests.csproj" />
    <Project Path="tests/FreeTierMail.Smtp2Go.Tests/FreeTierMail.Smtp2Go.Tests.csproj" />
    <Project Path="tests/FreeTierMail.Tests/FreeTierMail.Tests.csproj" />
  </Folder>
</Solution>
